
Microsoft Visual Studio Solution File, Format Version 12.00
# Visual Studio Version 17
VisualStudioVersion = 17.0.31903.59
MinimumVisualStudioVersion = 10.0.40219.1
Project("{FAE04EC0-301F-11D3-BF4B-00C04F79EFBC}") = "SkipList", "SkipList\SkipList.csproj", "{858F3711-5563-4FDE-AFFB-CE22CC49991E}"
EndProject
Project("{FAE04EC0-301F-11D3-BF4B-00C04F79EFBC}") = "SkipList.Test", "SkipList.Test\SkipList.Test.csproj", "{9017C6D7-DF62-4FA9-A194-39ABA8CDA8EA}"
EndProject
Global
	GlobalSection(SolutionConfigurationPlatforms) = preSolution
		Debug|Any CPU = Debug|Any CPU
		Release|Any CPU = Release|Any CPU
	EndGlobalSection
	GlobalSection(SolutionProperties) = preSolution
		HideSolutionNode = FALSE
	EndGlobalSection
	GlobalSection(ProjectConfigurationPlatforms) = postSolution
		{858F3711-5563-4FDE-AFFB-CE22CC49991E}.Debug|Any CPU.ActiveCfg = Debug|Any CPU
		{858F3711-5563-4FDE-AFFB-CE22CC49991E}.Debug|Any CPU.Build.0 = Debug|Any CPU
		{858F3711-5563-4FDE-AFFB-CE22CC49991E}.Release|Any CPU.ActiveCfg = Release|Any CPU
		{858F3711-5563-4FDE-AFFB-CE22CC49991E}.Release|Any CPU.Build.0 = Release|Any CPU
		{9017C6D7-DF62-4FA9-A194-39ABA8CDA8EA}.Debug|Any CPU.ActiveCfg = Debug|Any CPU
		{9017C6D7-DF62-4FA9-A194-39ABA8CDA8EA}.Debug|Any CPU.Build.0 = Debug|Any CPU
		{9017C6D7-DF62-4FA9-A194-39ABA8CDA8EA}.Release|Any CPU.ActiveCfg = Release|Any CPU
		{9017C6D7-DF62-4FA9-A194-39ABA8CDA8EA}.Release|Any CPU.Build.0 = Release|Any CPU
	EndGlobalSection
EndGlobal
