
Microsoft Visual Studio Solution File, Format Version 12.00
# Visual Studio Version 17
VisualStudioVersion = 17.0.31903.59
MinimumVisualStudioVersion = 10.0.40219.1
Project("{FAE04EC0-301F-11D3-BF4B-00C04F79EFBC}") = "Routers", "Routers\Routers.csproj", "{4B1B5511-DDA7-423A-B88A-C2E5DC73BBAF}"
EndProject
Project("{FAE04EC0-301F-11D3-BF4B-00C04F79EFBC}") = "Routers.Test", "Routers.Test\Routers.Test.csproj", "{63D28088-DE75-40E2-AB68-E494A3A434DD}"
EndProject
Global
	GlobalSection(SolutionConfigurationPlatforms) = preSolution
		Debug|Any CPU = Debug|Any CPU
		Release|Any CPU = Release|Any CPU
	EndGlobalSection
	GlobalSection(SolutionProperties) = preSolution
		HideSolutionNode = FALSE
	EndGlobalSection
	GlobalSection(ProjectConfigurationPlatforms) = postSolution
		{4B1B5511-DDA7-423A-B88A-C2E5DC73BBAF}.Debug|Any CPU.ActiveCfg = Debug|Any CPU
		{4B1B5511-DDA7-423A-B88A-C2E5DC73BBAF}.Debug|Any CPU.Build.0 = Debug|Any CPU
		{4B1B5511-DDA7-423A-B88A-C2E5DC73BBAF}.Release|Any CPU.ActiveCfg = Release|Any CPU
		{4B1B5511-DDA7-423A-B88A-C2E5DC73BBAF}.Release|Any CPU.Build.0 = Release|Any CPU
		{63D28088-DE75-40E2-AB68-E494A3A434DD}.Debug|Any CPU.ActiveCfg = Debug|Any CPU
		{63D28088-DE75-40E2-AB68-E494A3A434DD}.Debug|Any CPU.Build.0 = Debug|Any CPU
		{63D28088-DE75-40E2-AB68-E494A3A434DD}.Release|Any CPU.ActiveCfg = Release|Any CPU
		{63D28088-DE75-40E2-AB68-E494A3A434DD}.Release|Any CPU.Build.0 = Release|Any CPU
	EndGlobalSection
EndGlobal
