
Microsoft Visual Studio Solution File, Format Version 12.00
# Visual Studio Version 17
VisualStudioVersion = 17.0.31903.59
MinimumVisualStudioVersion = 10.0.40219.1
Project("{FAE04EC0-301F-11D3-BF4B-00C04F79EFBC}") = "ParseTree", "ParseTree\ParseTree.csproj", "{4E2B15EF-9797-4FF1-8E48-97AF0C9D81D3}"
EndProject
Project("{FAE04EC0-301F-11D3-BF4B-00C04F79EFBC}") = "ParseTree.Test", "ParseTree.Test\ParseTree.Test.csproj", "{B2DFFDB7-C525-4F80-94BD-3109191F6E99}"
EndProject
Global
	GlobalSection(SolutionConfigurationPlatforms) = preSolution
		Debug|Any CPU = Debug|Any CPU
		Release|Any CPU = Release|Any CPU
	EndGlobalSection
	GlobalSection(SolutionProperties) = preSolution
		HideSolutionNode = FALSE
	EndGlobalSection
	GlobalSection(ProjectConfigurationPlatforms) = postSolution
		{4E2B15EF-9797-4FF1-8E48-97AF0C9D81D3}.Debug|Any CPU.ActiveCfg = Debug|Any CPU
		{4E2B15EF-9797-4FF1-8E48-97AF0C9D81D3}.Debug|Any CPU.Build.0 = Debug|Any CPU
		{4E2B15EF-9797-4FF1-8E48-97AF0C9D81D3}.Release|Any CPU.ActiveCfg = Release|Any CPU
		{4E2B15EF-9797-4FF1-8E48-97AF0C9D81D3}.Release|Any CPU.Build.0 = Release|Any CPU
		{B2DFFDB7-C525-4F80-94BD-3109191F6E99}.Debug|Any CPU.ActiveCfg = Debug|Any CPU
		{B2DFFDB7-C525-4F80-94BD-3109191F6E99}.Debug|Any CPU.Build.0 = Debug|Any CPU
		{B2DFFDB7-C525-4F80-94BD-3109191F6E99}.Release|Any CPU.ActiveCfg = Release|Any CPU
		{B2DFFDB7-C525-4F80-94BD-3109191F6E99}.Release|Any CPU.Build.0 = Release|Any CPU
	EndGlobalSection
EndGlobal
